
Microsoft Visual Studio Solution File, Format Version 12.00
# Visual Studio Version 16
VisualStudioVersion = 16.0.34301.259
MinimumVisualStudioVersion = 10.0.40219.1
Project("{FAE04EC0-301F-11D3-BF4B-00C04F79EFBC}") = "sport", "sport\sport.csproj", "{C41E8948-E327-4DC0-8CB2-4FBDCB3D1AEA}"
EndProject
Global
	GlobalSection(SolutionConfigurationPlatforms) = preSolution
		Debug|Any CPU = Debug|Any CPU
		Release|Any CPU = Release|Any CPU
	EndGlobalSection
	GlobalSection(ProjectConfigurationPlatforms) = postSolution
		{C41E8948-E327-4DC0-8CB2-4FBDCB3D1AEA}.Debug|Any CPU.ActiveCfg = Debug|Any CPU
		{C41E8948-E327-4DC0-8CB2-4FBDCB3D1AEA}.Debug|Any CPU.Build.0 = Debug|Any CPU
		{C41E8948-E327-4DC0-8CB2-4FBDCB3D1AEA}.Release|Any CPU.ActiveCfg = Release|Any CPU
		{C41E8948-E327-4DC0-8CB2-4FBDCB3D1AEA}.Release|Any CPU.Build.0 = Release|Any CPU
	EndGlobalSection
	GlobalSection(SolutionProperties) = preSolution
		HideSolutionNode = FALSE
	EndGlobalSection
	GlobalSection(ExtensibilityGlobals) = postSolution
		SolutionGuid = {98C7DA45-2EC3-4A1E-8CF6-1093CE928399}
	EndGlobalSection
EndGlobal
